
Microsoft Visual Studio Solution File, Format Version 12.00
# Visual Studio Version 17
VisualStudioVersion = 17.3.32901.215
MinimumVisualStudioVersion = 10.0.40219.1
Project("{FAE04EC0-301F-11D3-BF4B-00C04F79EFBC}") = "bolum2-uygulama26", "bolum2-uygulama26\bolum2-uygulama26.csproj", "{C9E65CE3-5912-4D25-BF28-78C00072E1A8}"
EndProject
Global
	GlobalSection(SolutionConfigurationPlatforms) = preSolution
		Debug|Any CPU = Debug|Any CPU
		Release|Any CPU = Release|Any CPU
	EndGlobalSection
	GlobalSection(ProjectConfigurationPlatforms) = postSolution
		{C9E65CE3-5912-4D25-BF28-78C00072E1A8}.Debug|Any CPU.ActiveCfg = Debug|Any CPU
		{C9E65CE3-5912-4D25-BF28-78C00072E1A8}.Debug|Any CPU.Build.0 = Debug|Any CPU
		{C9E65CE3-5912-4D25-BF28-78C00072E1A8}.Release|Any CPU.ActiveCfg = Release|Any CPU
		{C9E65CE3-5912-4D25-BF28-78C00072E1A8}.Release|Any CPU.Build.0 = Release|Any CPU
	EndGlobalSection
	GlobalSection(SolutionProperties) = preSolution
		HideSolutionNode = FALSE
	EndGlobalSection
	GlobalSection(ExtensibilityGlobals) = postSolution
		SolutionGuid = {E281E1E7-F984-4B8A-9D2E-87DDA909140E}
	EndGlobalSection
EndGlobal
